// !$*UTF8*$!
{
	archiveVersion = 1;
	classes = {
	};
	objectVersion = 77;
	objects = {

/* Begin PBXBuildFile section */
		11D7749C2CC3F25700363580 /* FirebaseAuth in Frameworks */ = {isa = PBXBuildFile; productRef = 11D7749B2CC3F25700363580 /* FirebaseAuth */; };
		11D774A12CC3F7E700363580 /* GoogleSignIn in Frameworks */ = {isa = PBXBuildFile; productRef = 11D774A02CC3F7E700363580 /* GoogleSignIn */; };
		11D774A32CC3F7E700363580 /* GoogleSignInSwift in Frameworks */ = {isa = PBXBuildFile; productRef = 11D774A22CC3F7E700363580 /* GoogleSignInSwift */; };
		11E796482CBBF2F5003307FA /* RxSwift in Frameworks */ = {isa = PBXBuildFile; productRef = 11E796472CBBF2F5003307FA /* RxSwift */; };
		11E7966C2CBBF811003307FA /* Alamofire in Frameworks */ = {isa = PBXBuildFile; productRef = 11E7966B2CBBF811003307FA /* Alamofire */; };
		11E796A72CBC106E003307FA /* Kingfisher in Frameworks */ = {isa = PBXBuildFile; productRef = 11E796A62CBC106E003307FA /* Kingfisher */; };
/* End PBXBuildFile section */

/* Begin PBXFileReference section */
		11E7961D2CBBEEDD003307FA /* Trendyol.app */ = {isa = PBXFileReference; explicitFileType = wrapper.application; includeInIndex = 0; path = Trendyol.app; sourceTree = BUILT_PRODUCTS_DIR; };
/* End PBXFileReference section */

/* Begin PBXFileSystemSynchronizedBuildFileExceptionSet section */
		11E7962F2CBBEEDE003307FA /* Exceptions for "Trendyol" folder in "Trendyol" target */ = {
			isa = PBXFileSystemSynchronizedBuildFileExceptionSet;
			membershipExceptions = (
				Info.plist,
			);
			target = 11E7961C2CBBEEDD003307FA /* Trendyol */;
		};
/* End PBXFileSystemSynchronizedBuildFileExceptionSet section */

/* Begin PBXFileSystemSynchronizedRootGroup section */
		11E7961F2CBBEEDD003307FA /* Trendyol */ = {
			isa = PBXFileSystemSynchronizedRootGroup;
			exceptions = (
				11E7962F2CBBEEDE003307FA /* Exceptions for "Trendyol" folder in "Trendyol" target */,
			);
			path = Trendyol;
			sourceTree = "<group>";
		};
/* End PBXFileSystemSynchronizedRootGroup section */

/* Begin PBXFrameworksBuildPhase section */
		11E7961A2CBBEEDD003307FA /* Frameworks */ = {
			isa = PBXFrameworksBuildPhase;
			buildActionMask = 2147483647;
			files = (
				11D774A12CC3F7E700363580 /* GoogleSignIn in Frameworks */,
				11E796A72CBC106E003307FA /* Kingfisher in Frameworks */,
				11E796482CBBF2F5003307FA /* RxSwift in Frameworks */,
				11D774A32CC3F7E700363580 /* GoogleSignInSwift in Frameworks */,
				11E7966C2CBBF811003307FA /* Alamofire in Frameworks */,
				11D7749C2CC3F25700363580 /* FirebaseAuth in Frameworks */,
			);
			runOnlyForDeploymentPostprocessing = 0;
		};
/* End PBXFrameworksBuildPhase section */

/* Begin PBXGroup section */
		11E796142CBBEEDD003307FA = {
			isa = PBXGroup;
			children = (
				11E7961F2CBBEEDD003307FA /* Trendyol */,
				11E7961E2CBBEEDD003307FA /* Products */,
			);
			sourceTree = "<group>";
		};
		11E7961E2CBBEEDD003307FA /* Products */ = {
			isa = PBXGroup;
			children = (
				11E7961D2CBBEEDD003307FA /* Trendyol.app */,
			);
			name = Products;
			sourceTree = "<group>";
		};
/* End PBXGroup section */

/* Begin PBXNativeTarget section */
		11E7961C2CBBEEDD003307FA /* Trendyol */ = {
			isa = PBXNativeTarget;
			buildConfigurationList = 11E796302CBBEEDE003307FA /* Build configuration list for PBXNativeTarget "Trendyol" */;
			buildPhases = (
				11E796192CBBEEDD003307FA /* Sources */,
				11E7961A2CBBEEDD003307FA /* Frameworks */,
				11E7961B2CBBEEDD003307FA /* Resources */,
			);
			buildRules = (
			);
			dependencies = (
			);
			fileSystemSynchronizedGroups = (
				11E7961F2CBBEEDD003307FA /* Trendyol */,
			);
			name = Trendyol;
			packageProductDependencies = (
				11E796472CBBF2F5003307FA /* RxSwift */,
				11E7966B2CBBF811003307FA /* Alamofire */,
				11E796A62CBC106E003307FA /* Kingfisher */,
				11D7749B2CC3F25700363580 /* FirebaseAuth */,
				11D774A02CC3F7E700363580 /* GoogleSignIn */,
				11D774A22CC3F7E700363580 /* GoogleSignInSwift */,
			);
			productName = Trendyol;
			productReference = 11E7961D2CBBEEDD003307FA /* Trendyol.app */;
			productType = "com.apple.product-type.application";
		};
/* End PBXNativeTarget section */

/* Begin PBXProject section */
		11E796152CBBEEDD003307FA /* Project object */ = {
			isa = PBXProject;
			attributes = {
				BuildIndependentTargetsInParallel = 1;
				LastSwiftUpdateCheck = 1600;
				LastUpgradeCheck = 1600;
				TargetAttributes = {
					11E7961C2CBBEEDD003307FA = {
						CreatedOnToolsVersion = 16.0;
					};
				};
			};
			buildConfigurationList = 11E796182CBBEEDD003307FA /* Build configuration list for PBXProject "Trendyol" */;
			developmentRegion = en;
			hasScannedForEncodings = 0;
			knownRegions = (
				en,
				Base,
			);
			mainGroup = 11E796142CBBEEDD003307FA;
			minimizedProjectReferenceProxies = 1;
			packageReferences = (
				11E796462CBBF2F5003307FA /* XCRemoteSwiftPackageReference "RxSwift" */,
				11E7966A2CBBF811003307FA /* XCRemoteSwiftPackageReference "Alamofire" */,
				11E796A52CBC106E003307FA /* XCRemoteSwiftPackageReference "Kingfisher" */,
				11D7749A2CC3F25700363580 /* XCRemoteSwiftPackageReference "firebase-ios-sdk" */,
				11D7749F2CC3F7E700363580 /* XCRemoteSwiftPackageReference "GoogleSignIn-iOS" */,
			);
			preferredProjectObjectVersion = 77;
			productRefGroup = 11E7961E2CBBEEDD003307FA /* Products */;
			projectDirPath = "";
			projectRoot = "";
			targets = (
				11E7961C2CBBEEDD003307FA /* Trendyol */,
			);
		};
/* End PBXProject section */

/* Begin PBXResourcesBuildPhase section */
		11E7961B2CBBEEDD003307FA /* Resources */ = {
			isa = PBXResourcesBuildPhase;
			buildActionMask = 2147483647;
			files = (
			);
			runOnlyForDeploymentPostprocessing = 0;
		};
/* End PBXResourcesBuildPhase section */

/* Begin PBXSourcesBuildPhase section */
		11E796192CBBEEDD003307FA /* Sources */ = {
			isa = PBXSourcesBuildPhase;
			buildActionMask = 2147483647;
			files = (
			);
			runOnlyForDeploymentPostprocessing = 0;
		};
/* End PBXSourcesBuildPhase section */

/* Begin XCBuildConfiguration section */
		11E796312CBBEEDE003307FA /* Debug */ = {
			isa = XCBuildConfiguration;
			buildSettings = {
				ASSETCATALOG_COMPILER_APPICON_NAME = AppIcon;
				ASSETCATALOG_COMPILER_GLOBAL_ACCENT_COLOR_NAME = AccentColor;
				CODE_SIGN_STYLE = Automatic;
				CURRENT_PROJECT_VERSION = 1;
				DEVELOPMENT_TEAM = Y25UG64XN5;
				GENERATE_INFOPLIST_FILE = YES;
				INFOPLIST_FILE = Trendyol/Info.plist;
				INFOPLIST_KEY_UIApplicationSupportsIndirectInputEvents = YES;
				INFOPLIST_KEY_UILaunchStoryboardName = LaunchScreen;
				INFOPLIST_KEY_UISupportedInterfaceOrientations_iPad = "UIInterfaceOrientationPortrait UIInterfaceOrientationPortraitUpsideDown UIInterfaceOrientationLandscapeLeft UIInterfaceOrientationLandscapeRight";
				INFOPLIST_KEY_UISupportedInterfaceOrientations_iPhone = "UIInterfaceOrientationPortrait UIInterfaceOrientationLandscapeLeft UIInterfaceOrientationLandscapeRight";
				LD_RUNPATH_SEARCH_PATHS = (
					"$(inherited)",
					"@executable_path/Frameworks",
				);
				MARKETING_VERSION = 1.0;
				PRODUCT_BUNDLE_IDENTIFIER = kadiryilmaz.com.Trendyol;
				PRODUCT_NAME = "$(TARGET_NAME)";
				SWIFT_EMIT_LOC_STRINGS = YES;
				SWIFT_VERSION = 5.0;
				TARGETED_DEVICE_FAMILY = "1,2";
			};
			name = Debug;
		};
		11E796322CBBEEDE003307FA /* Release */ = {
			isa = XCBuildConfiguration;
			buildSettings = {
				ASSETCATALOG_COMPILER_APPICON_NAME = AppIcon;
				ASSETCATALOG_COMPILER_GLOBAL_ACCENT_COLOR_NAME = AccentColor;
				CODE_SIGN_STYLE = Automatic;
				CURRENT_PROJECT_VERSION = 1;
				DEVELOPMENT_TEAM = Y25UG64XN5;
				GENERATE_INFOPLIST_FILE = YES;
				INFOPLIST_FILE = Trendyol/Info.plist;
				INFOPLIST_KEY_UIApplicationSupportsIndirectInputEvents = YES;
				INFOPLIST_KEY_UILaunchStoryboardName = LaunchScreen;
				INFOPLIST_KEY_UISupportedInterfaceOrientations_iPad = "UIInterfaceOrientationPortrait UIInterfaceOrientationPortraitUpsideDown UIInterfaceOrientationLandscapeLeft UIInterfaceOrientationLandscapeRight";
				INFOPLIST_KEY_UISupportedInterfaceOrientations_iPhone = "UIInterfaceOrientationPortrait UIInterfaceOrientationLandscapeLeft UIInterfaceOrientationLandscapeRight";
				LD_RUNPATH_SEARCH_PATHS = (
					"$(inherited)",
					"@executable_path/Frameworks",
				);
				MARKETING_VERSION = 1.0;
				PRODUCT_BUNDLE_IDENTIFIER = kadiryilmaz.com.Trendyol;
				PRODUCT_NAME = "$(TARGET_NAME)";
				SWIFT_EMIT_LOC_STRINGS = YES;
				SWIFT_VERSION = 5.0;
				TARGETED_DEVICE_FAMILY = "1,2";
			};
			name = Release;
		};
		11E796332CBBEEDE003307FA /* Debug */ = {
			isa = XCBuildConfiguration;
			buildSettings = {
				ALWAYS_SEARCH_USER_PATHS = NO;
				ASSETCATALOG_COMPILER_GENERATE_SWIFT_ASSET_SYMBOL_EXTENSIONS = YES;
				CLANG_ANALYZER_NONNULL = YES;
				CLANG_ANALYZER_NUMBER_OBJECT_CONVERSION = YES_AGGRESSIVE;
				CLANG_CXX_LANGUAGE_STANDARD = "gnu++20";
				CLANG_ENABLE_MODULES = YES;
				CLANG_ENABLE_OBJC_ARC = YES;
				CLANG_ENABLE_OBJC_WEAK = YES;
				CLANG_WARN_BLOCK_CAPTURE_AUTORELEASING = YES;
				CLANG_WARN_BOOL_CONVERSION = YES;
				CLANG_WARN_COMMA = YES;
				CLANG_WARN_CONSTANT_CONVERSION = YES;
				CLANG_WARN_DEPRECATED_OBJC_IMPLEMENTATIONS = YES;
				CLANG_WARN_DIRECT_OBJC_ISA_USAGE = YES_ERROR;
				CLANG_WARN_DOCUMENTATION_COMMENTS = YES;
				CLANG_WARN_EMPTY_BODY = YES;
				CLANG_WARN_ENUM_CONVERSION = YES;
				CLANG_WARN_INFINITE_RECURSION = YES;
				CLANG_WARN_INT_CONVERSION = YES;
				CLANG_WARN_NON_LITERAL_NULL_CONVERSION = YES;
				CLANG_WARN_OBJC_IMPLICIT_RETAIN_SELF = YES;
				CLANG_WARN_OBJC_LITERAL_CONVERSION = YES;
				CLANG_WARN_OBJC_ROOT_CLASS = YES_ERROR;
				CLANG_WARN_QUOTED_INCLUDE_IN_FRAMEWORK_HEADER = YES;
				CLANG_WARN_RANGE_LOOP_ANALYSIS = YES;
				CLANG_WARN_STRICT_PROTOTYPES = YES;
				CLANG_WARN_SUSPICIOUS_MOVE = YES;
				CLANG_WARN_UNGUARDED_AVAILABILITY = YES_AGGRESSIVE;
				CLANG_WARN_UNREACHABLE_CODE = YES;
				CLANG_WARN__DUPLICATE_METHOD_MATCH = YES;
				COPY_PHASE_STRIP = NO;
				DEBUG_INFORMATION_FORMAT = dwarf;
				ENABLE_STRICT_OBJC_MSGSEND = YES;
				ENABLE_TESTABILITY = YES;
				ENABLE_USER_SCRIPT_SANDBOXING = YES;
				GCC_C_LANGUAGE_STANDARD = gnu17;
				GCC_DYNAMIC_NO_PIC = NO;
				GCC_NO_COMMON_BLOCKS = YES;
				GCC_OPTIMIZATION_LEVEL = 0;
				GCC_PREPROCESSOR_DEFINITIONS = (
					"DEBUG=1",
					"$(inherited)",
				);
				GCC_WARN_64_TO_32_BIT_CONVERSION = YES;
				GCC_WARN_ABOUT_RETURN_TYPE = YES_ERROR;
				GCC_WARN_UNDECLARED_SELECTOR = YES;
				GCC_WARN_UNINITIALIZED_AUTOS = YES_AGGRESSIVE;
				GCC_WARN_UNUSED_FUNCTION = YES;
				GCC_WARN_UNUSED_VARIABLE = YES;
				IPHONEOS_DEPLOYMENT_TARGET = 18.0;
				LOCALIZATION_PREFERS_STRING_CATALOGS = YES;
				MTL_ENABLE_DEBUG_INFO = INCLUDE_SOURCE;
				MTL_FAST_MATH = YES;
				ONLY_ACTIVE_ARCH = YES;
				SDKROOT = iphoneos;
				SWIFT_ACTIVE_COMPILATION_CONDITIONS = "DEBUG $(inherited)";
				SWIFT_OPTIMIZATION_LEVEL = "-Onone";
			};
			name = Debug;
		};
		11E796342CBBEEDE003307FA /* Release */ = {
			isa = XCBuildConfiguration;
			buildSettings = {
				ALWAYS_SEARCH_USER_PATHS = NO;
				ASSETCATALOG_COMPILER_GENERATE_SWIFT_ASSET_SYMBOL_EXTENSIONS = YES;
				CLANG_ANALYZER_NONNULL = YES;
				CLANG_ANALYZER_NUMBER_OBJECT_CONVERSION = YES_AGGRESSIVE;
				CLANG_CXX_LANGUAGE_STANDARD = "gnu++20";
				CLANG_ENABLE_MODULES = YES;
				CLANG_ENABLE_OBJC_ARC = YES;
				CLANG_ENABLE_OBJC_WEAK = YES;
				CLANG_WARN_BLOCK_CAPTURE_AUTORELEASING = YES;
				CLANG_WARN_BOOL_CONVERSION = YES;
				CLANG_WARN_COMMA = YES;
				CLANG_WARN_CONSTANT_CONVERSION = YES;
				CLANG_WARN_DEPRECATED_OBJC_IMPLEMENTATIONS = YES;
				CLANG_WARN_DIRECT_OBJC_ISA_USAGE = YES_ERROR;
				CLANG_WARN_DOCUMENTATION_COMMENTS = YES;
				CLANG_WARN_EMPTY_BODY = YES;
				CLANG_WARN_ENUM_CONVERSION = YES;
				CLANG_WARN_INFINITE_RECURSION = YES;
				CLANG_WARN_INT_CONVERSION = YES;
				CLANG_WARN_NON_LITERAL_NULL_CONVERSION = YES;
				CLANG_WARN_OBJC_IMPLICIT_RETAIN_SELF = YES;
				CLANG_WARN_OBJC_LITERAL_CONVERSION = YES;
				CLANG_WARN_OBJC_ROOT_CLASS = YES_ERROR;
				CLANG_WARN_QUOTED_INCLUDE_IN_FRAMEWORK_HEADER = YES;
				CLANG_WARN_RANGE_LOOP_ANALYSIS = YES;
				CLANG_WARN_STRICT_PROTOTYPES = YES;
				CLANG_WARN_SUSPICIOUS_MOVE = YES;
				CLANG_WARN_UNGUARDED_AVAILABILITY = YES_AGGRESSIVE;
				CLANG_WARN_UNREACHABLE_CODE = YES;
				CLANG_WARN__DUPLICATE_METHOD_MATCH = YES;
				COPY_PHASE_STRIP = NO;
				DEBUG_INFORMATION_FORMAT = "dwarf-with-dsym";
				ENABLE_NS_ASSERTIONS = NO;
				ENABLE_STRICT_OBJC_MSGSEND = YES;
				ENABLE_USER_SCRIPT_SANDBOXING = YES;
				GCC_C_LANGUAGE_STANDARD = gnu17;
				GCC_NO_COMMON_BLOCKS = YES;
				GCC_WARN_64_TO_32_BIT_CONVERSION = YES;
				GCC_WARN_ABOUT_RETURN_TYPE = YES_ERROR;
				GCC_WARN_UNDECLARED_SELECTOR = YES;
				GCC_WARN_UNINITIALIZED_AUTOS = YES_AGGRESSIVE;
				GCC_WARN_UNUSED_FUNCTION = YES;
				GCC_WARN_UNUSED_VARIABLE = YES;
				IPHONEOS_DEPLOYMENT_TARGET = 18.0;
				LOCALIZATION_PREFERS_STRING_CATALOGS = YES;
				MTL_ENABLE_DEBUG_INFO = NO;
				MTL_FAST_MATH = YES;
				SDKROOT = iphoneos;
				SWIFT_COMPILATION_MODE = wholemodule;
				VALIDATE_PRODUCT = YES;
			};
			name = Release;
		};
/* End XCBuildConfiguration section */

/* Begin XCConfigurationList section */
		11E796182CBBEEDD003307FA /* Build configuration list for PBXProject "Trendyol" */ = {
			isa = XCConfigurationList;
			buildConfigurations = (
				11E796332CBBEEDE003307FA /* Debug */,
				11E796342CBBEEDE003307FA /* Release */,
			);
			defaultConfigurationIsVisible = 0;
			defaultConfigurationName = Release;
		};
		11E796302CBBEEDE003307FA /* Build configuration list for PBXNativeTarget "Trendyol" */ = {
			isa = XCConfigurationList;
			buildConfigurations = (
				11E796312CBBEEDE003307FA /* Debug */,
				11E796322CBBEEDE003307FA /* Release */,
			);
			defaultConfigurationIsVisible = 0;
			defaultConfigurationName = Release;
		};
/* End XCConfigurationList section */

/* Begin XCRemoteSwiftPackageReference section */
		11D7749A2CC3F25700363580 /* XCRemoteSwiftPackageReference "firebase-ios-sdk" */ = {
			isa = XCRemoteSwiftPackageReference;
			repositoryURL = "https://github.com/firebase/firebase-ios-sdk";
			requirement = {
				kind = upToNextMajorVersion;
				minimumVersion = 11.3.0;
			};
		};
		11D7749F2CC3F7E700363580 /* XCRemoteSwiftPackageReference "GoogleSignIn-iOS" */ = {
			isa = XCRemoteSwiftPackageReference;
			repositoryURL = "https://github.com/google/GoogleSignIn-iOS";
			requirement = {
				kind = upToNextMajorVersion;
				minimumVersion = 8.0.0;
			};
		};
		11E796462CBBF2F5003307FA /* XCRemoteSwiftPackageReference "RxSwift" */ = {
			isa = XCRemoteSwiftPackageReference;
			repositoryURL = "https://github.com/ReactiveX/RxSwift.git";
			requirement = {
				kind = upToNextMajorVersion;
				minimumVersion = 6.8.0;
			};
		};
		11E7966A2CBBF811003307FA /* XCRemoteSwiftPackageReference "Alamofire" */ = {
			isa = XCRemoteSwiftPackageReference;
			repositoryURL = "https://github.com/Alamofire/Alamofire.git";
			requirement = {
				kind = upToNextMajorVersion;
				minimumVersion = 5.9.1;
			};
		};
		11E796A52CBC106E003307FA /* XCRemoteSwiftPackageReference "Kingfisher" */ = {
			isa = XCRemoteSwiftPackageReference;
			repositoryURL = "https://github.com/onevcat/Kingfisher.git";
			requirement = {
				kind = upToNextMajorVersion;
				minimumVersion = 8.0.3;
			};
		};
/* End XCRemoteSwiftPackageReference section */

/* Begin XCSwiftPackageProductDependency section */
		11D7749B2CC3F25700363580 /* FirebaseAuth */ = {
			isa = XCSwiftPackageProductDependency;
			package = 11D7749A2CC3F25700363580 /* XCRemoteSwiftPackageReference "firebase-ios-sdk" */;
			productName = FirebaseAuth;
		};
		11D774A02CC3F7E700363580 /* GoogleSignIn */ = {
			isa = XCSwiftPackageProductDependency;
			package = 11D7749F2CC3F7E700363580 /* XCRemoteSwiftPackageReference "GoogleSignIn-iOS" */;
			productName = GoogleSignIn;
		};
		11D774A22CC3F7E700363580 /* GoogleSignInSwift */ = {
			isa = XCSwiftPackageProductDependency;
			package = 11D7749F2CC3F7E700363580 /* XCRemoteSwiftPackageReference "GoogleSignIn-iOS" */;
			productName = GoogleSignInSwift;
		};
		11E796472CBBF2F5003307FA /* RxSwift */ = {
			isa = XCSwiftPackageProductDependency;
			package = 11E796462CBBF2F5003307FA /* XCRemoteSwiftPackageReference "RxSwift" */;
			productName = RxSwift;
		};
		11E7966B2CBBF811003307FA /* Alamofire */ = {
			isa = XCSwiftPackageProductDependency;
			package = 11E7966A2CBBF811003307FA /* XCRemoteSwiftPackageReference "Alamofire" */;
			productName = Alamofire;
		};
		11E796A62CBC106E003307FA /* Kingfisher */ = {
			isa = XCSwiftPackageProductDependency;
			package = 11E796A52CBC106E003307FA /* XCRemoteSwiftPackageReference "Kingfisher" */;
			productName = Kingfisher;
		};
/* End XCSwiftPackageProductDependency section */
	};
	rootObject = 11E796152CBBEEDD003307FA /* Project object */;
}
